
Microsoft Visual Studio Solution File, Format Version 12.00
# Visual Studio Version 17
VisualStudioVersion = 17.8.34511.84
MinimumVisualStudioVersion = 10.0.40219.1
Project("{FAE04EC0-301F-11D3-BF4B-00C04F79EFBC}") = "yankong", "yankong.csproj", "{2D6067B6-3185-43CC-8B3B-C89E3BF2DC86}"
EndProject
Global
	GlobalSection(SolutionConfigurationPlatforms) = preSolution
		Debug|Any CPU = Debug|Any CPU
		Release|Any CPU = Release|Any CPU
	EndGlobalSection
	GlobalSection(ProjectConfigurationPlatforms) = postSolution
		{2D6067B6-3185-43CC-8B3B-C89E3BF2DC86}.Debug|Any CPU.ActiveCfg = Debug|Any CPU
		{2D6067B6-3185-43CC-8B3B-C89E3BF2DC86}.Debug|Any CPU.Build.0 = Debug|Any CPU
		{2D6067B6-3185-43CC-8B3B-C89E3BF2DC86}.Release|Any CPU.ActiveCfg = Release|Any CPU
		{2D6067B6-3185-43CC-8B3B-C89E3BF2DC86}.Release|Any CPU.Build.0 = Release|Any CPU
	EndGlobalSection
	GlobalSection(SolutionProperties) = preSolution
		HideSolutionNode = FALSE
	EndGlobalSection
	GlobalSection(ExtensibilityGlobals) = postSolution
		SolutionGuid = {E2EE1145-A19D-41F9-9969-03E66CD2FE6F}
	EndGlobalSection
EndGlobal
